Microsoft Visual Studio Solution File, Format Version 12.00
# Visual Studio Version 17
VisualStudioVersion = 17.5.2.0
MinimumVisualStudioVersion = 10.0.40219.1
Project("{FAE04EC0-301F-11D3-BF4B-00C04F79EFBC}") = "HotelMvc", "HotelMvc.csproj", "{5C44582C-342D-15F2-58E1-0A27D15F06DE}"
EndProject
Global
	GlobalSection(SolutionConfigurationPlatforms) = preSolution
		Debug|Any CPU = Debug|Any CPU
		Release|Any CPU = Release|Any CPU
	EndGlobalSection
	GlobalSection(ProjectConfigurationPlatforms) = postSolution
		{5C44582C-342D-15F2-58E1-0A27D15F06DE}.Debug|Any CPU.ActiveCfg = Debug|Any CPU
		{5C44582C-342D-15F2-58E1-0A27D15F06DE}.Debug|Any CPU.Build.0 = Debug|Any CPU
		{5C44582C-342D-15F2-58E1-0A27D15F06DE}.Release|Any CPU.ActiveCfg = Release|Any CPU
		{5C44582C-342D-15F2-58E1-0A27D15F06DE}.Release|Any CPU.Build.0 = Release|Any CPU
	EndGlobalSection
	GlobalSection(SolutionProperties) = preSolution
		HideSolutionNode = FALSE
	EndGlobalSection
	GlobalSection(ExtensibilityGlobals) = postSolution
		SolutionGuid = {E2121608-DBDB-406B-9064-89E89313BECE}
	EndGlobalSection
EndGlobal
